
Microsoft Visual Studio Solution File, Format Version 12.00
# Visual Studio Version 16
VisualStudioVersion = 16.0.30011.22
MinimumVisualStudioVersion = 10.0.40219.1
Project("{FAE04EC0-301F-11D3-BF4B-00C04F79EFBC}") = "Authorization", "Authorization\Authorization.csproj", "{90374EE5-CA28-4DAC-BD09-CD2EBDDEA452}"
EndProject
Global
	GlobalSection(SolutionConfigurationPlatforms) = preSolution
		Debug|Any CPU = Debug|Any CPU
		Release|Any CPU = Release|Any CPU
	EndGlobalSection
	GlobalSection(ProjectConfigurationPlatforms) = postSolution
		{90374EE5-CA28-4DAC-BD09-CD2EBDDEA452}.Debug|Any CPU.ActiveCfg = Debug|Any CPU
		{90374EE5-CA28-4DAC-BD09-CD2EBDDEA452}.Debug|Any CPU.Build.0 = Debug|Any CPU
		{90374EE5-CA28-4DAC-BD09-CD2EBDDEA452}.Release|Any CPU.ActiveCfg = Release|Any CPU
		{90374EE5-CA28-4DAC-BD09-CD2EBDDEA452}.Release|Any CPU.Build.0 = Release|Any CPU
	EndGlobalSection
	GlobalSection(SolutionProperties) = preSolution
		HideSolutionNode = FALSE
	EndGlobalSection
	GlobalSection(ExtensibilityGlobals) = postSolution
		SolutionGuid = {F2DA7D81-BA18-4169-B13A-BD673EBA5385}
	EndGlobalSection
EndGlobal
